
Microsoft Visual Studio Solution File, Format Version 12.00
# Visual Studio Version 17
VisualStudioVersion = 17.11.35222.181
MinimumVisualStudioVersion = 10.0.40219.1
Project("{8BC9CEB8-8B4A-11D0-8D11-00A0C91BC942}") = "WeatherService", "WeatherService\WeatherService.vcxproj", "{2C982AF4-CD6A-498B-A036-A360C2AEB4E8}"
EndProject
Global
	GlobalSection(SolutionConfigurationPlatforms) = preSolution
		Debug|x64 = Debug|x64
		Debug|x86 = Debug|x86
		Release|x64 = Release|x64
		Release|x86 = Release|x86
	EndGlobalSection
	GlobalSection(ProjectConfigurationPlatforms) = postSolution
		{2C982AF4-CD6A-498B-A036-A360C2AEB4E8}.Debug|x64.ActiveCfg = Debug|x64
		{2C982AF4-CD6A-498B-A036-A360C2AEB4E8}.Debug|x64.Build.0 = Debug|x64
		{2C982AF4-CD6A-498B-A036-A360C2AEB4E8}.Debug|x86.ActiveCfg = Debug|Win32
		{2C982AF4-CD6A-498B-A036-A360C2AEB4E8}.Debug|x86.Build.0 = Debug|Win32
		{2C982AF4-CD6A-498B-A036-A360C2AEB4E8}.Release|x64.ActiveCfg = Release|x64
		{2C982AF4-CD6A-498B-A036-A360C2AEB4E8}.Release|x64.Build.0 = Release|x64
		{2C982AF4-CD6A-498B-A036-A360C2AEB4E8}.Release|x86.ActiveCfg = Release|Win32
		{2C982AF4-CD6A-498B-A036-A360C2AEB4E8}.Release|x86.Build.0 = Release|Win32
	EndGlobalSection
	GlobalSection(SolutionProperties) = preSolution
		HideSolutionNode = FALSE
	EndGlobalSection
	GlobalSection(ExtensibilityGlobals) = postSolution
		SolutionGuid = {B8DE5B6F-335E-4344-BB39-91111394D853}
	EndGlobalSection
EndGlobal
